version = 1
revision = 3
requires-python = ">=3.10"

[[package]]
name = "colorama"
version = "0.4.6"
source = { registry = "https://mirrors.tuna.tsinghua.edu.cn/pypi/web/simple/" }
sdist = { url = "https://mirrors.tuna.tsinghua.edu.cn/pypi/web/packages/d8/53/6f443c9a4a8358a93a6792e2acffb9d9d5cb0a5cfd8802644b7b1c9a02e4/colorama-0.4.6.tar.gz", hash = "sha256:08695f5cb7ed6e0531a20572697297273c47b8cae5a63ffc6d6ed5c201be6e44", size = 27697, upload-time = "2022-10-25T02:36:22.414Z" }
wheels = [
    { url = "https://mirrors.tuna.tsinghua.edu.cn/pypi/web/packages/d1/d6/3965ed04c63042e047cb6a3e6ed1a63a35087b6a609aa3a15ed8ac56c221/colorama-0.4.6-py2.py3-none-any.whl", hash = "sha256:4f1d9991f5acc0ca119f9d443620b77f9d6b33703e51011c16baf57afb285fc6", size = 25335, upload-time = "2022-10-25T02:36:20.889Z" },
]

[[package]]
name = "exceptiongroup"
version = "1.3.1"
source = { registry = "https://mirrors.tuna.tsinghua.edu.cn/pypi/web/simple/" }
dependencies = [
    { name = "typing-extensions", marker = "python_full_version < '3.13'" },
]
sdist = { url = "https://mirrors.tuna.tsinghua.edu.cn/pypi/web/packages/50/79/66800aadf48771f6b62f7eb014e352e5d06856655206165d775e675a02c9/exceptiongroup-1.3.1.tar.gz", hash = "sha256:8b412432c6055b0b7d14c310000ae93352ed6754f70fa8f7c34141f91c4e3219", size = 30371, upload-time = "2025-11-21T23:01:54.787Z" }
wheels = [
    { url = "https://mirrors.tuna.tsinghua.edu.cn/pypi/web/packages/8a/0e/97c33bf5009bdbac74fd2beace167cab3f978feb69cc36f1ef79360d6c4e/exceptiongroup-1.3.1-py3-none-any.whl", hash = "sha256:a7a39a3bd276781e98394987d3a5701d0c4edffb633bb7a5144577f82c773598", size = 16740, upload-time = "2025-11-21T23:01:53.443Z" },
]

[[package]]
name = "gemmi"
version = "0.7.5"
source = { registry = "https://mirrors.tuna.tsinghua.edu.cn/pypi/web/simple/" }
sdist = { url = "https://mirrors.tuna.tsinghua.edu.cn/pypi/web/packages/60/38/a79d9e672b837ceefa7da1921c33b10479362603c4c6370bc004d69558d6/gemmi-0.7.5.tar.gz", hash = "sha256:3328f26c8a8a0ef6a7fc8bb28e167818e324e4239dd4197d6b6066ae2b6315fe", size = 1523171, upload-time = "2026-03-02T08:27:31.157Z" }
wheels = [
    { url = "https://mirrors.tuna.tsinghua.edu.cn/pypi/web/packages/b6/4a/85b0a6eb5b885f9304eb33e6998a3c3ae5b5f0387eeb22272c3b7d1824b4/gemmi-0.7.5-cp310-cp310-macosx_10_14_x86_64.whl", hash = "sha256:dfa43fa2f02aada6427ebe4cba0665a5884a8a97fcf41f799bd3ea5fae2af241", size = 2834338, upload-time = "2026-03-02T08:31:00.878Z" },
    { url = "https://mirrors.tuna.tsinghua.edu.cn/pypi/web/packages/a1/c8/79d9ae367b4a101ace15466c5d5454f8e4ae92c286ebc827ac6aef2a4e48/gemmi-0.7.5-cp310-cp310-macosx_11_0_arm64.whl", hash = "sha256:b1b0a66dc42b898cf81c3951ebb7f9c4d96a12f80a7b166032d4b47bce01e9cd", size = 2716758, upload-time = "2026-03-02T08:31:05.283Z" },
    { url = "https://mirrors.tuna.tsinghua.edu.cn/pypi/web/packages/fd/fd/2388f03cb11558ec7b459f6ee4ab415a65fbdbeccff40115252f06ba86fb/gemmi-0.7.5-cp310-cp310-manylinux_2_27_aarch64.manylinux_2_28_aarch64.whl", hash = "sha256:336074d483f5a7945eff61db18ed1a10475104367b99936dc52eec66551d3cdf", size = 2637256, upload-time = "2026-03-02T08:31:08.663Z" },
    { url = "https://mirrors.tuna.tsinghua.edu.cn/pypi/web/packages/f9/84/b77a22012e8198327648b5502cb204392b9da945abfe0e1b73d7d955c7b9/gemmi-0.7.5-cp310-cp310-manylinux_2_27_x86_64.manylinux_2_28_x86_64.whl", hash = "sha256:37d7cfd00a6d717baaba72bb6c1cd392d4f2a01913261e17bbbc6c394a0f031d", size = 2991344, upload-time = "2026-03-02T08:31:11.434Z" },
    { url = "https://mirrors.tuna.tsinghua.edu.cn/pypi/web/packages/52/93/f8b6d7e0533cbc015690e9f730ceaa7004c33dc9adfdd7166ed7d242060d/gemmi-0.7.5-cp310-cp310-win_amd64.whl", hash = "sha256:b682ce2f67e46fc609dcd780d12bbec8d7769a3816506f24d7c2a761ccdb73c9", size = 2268178, upload-time = "2026-03-02T08:31:13.781Z" },
    { url = "https://mirrors.tuna.tsinghua.edu.cn/pypi/web/packages/7f/79/b13830a65bf9fc85474a984604f094cc18817dc93a784f4c567a2dc05169/gemmi-0.7.5-cp311-cp311-macosx_10_14_x86_64.whl", hash = "sha256:e134fd33f34bf9f2ffacd9e0207aeac6329dde818f62340e7390217a25ee8e2d", size = 2834430, upload-time = "2026-03-02T08:31:16.14Z" },
    { url = "https://mirrors.tuna.tsinghua.edu.cn/pypi/web/packages/42/15/26cac702cdf6281ddeb185d5912ce14e555e277c6e4caeb1d36966e43822/gemmi-0.7.5-cp311-cp311-macosx_11_0_arm64.whl", hash = "sha256:4db34eaa3d3fc102afea7a156330862cbeb82f557444c079403d4412e326c527", size = 2716532, upload-time = "2026-03-02T08:31:18.321Z" },
    { url = "https://mirrors.tuna.tsinghua.edu.cn/pypi/web/packages/2a/42/a60fd259b99785f04fe5c7fdbda1ec9c10aa9641d4efe9186c019a1689d9/gemmi-0.7.5-cp311-cp311-manylinux_2_27_aarch64.manylinux_2_28_aarch64.whl", hash = "sha256:fcd6b82ce6b33049aa43d2aaed167090a77eaa1370f51f5422a683edfe2eec97", size = 2638468, upload-time = "2026-03-02T08:31:20.26Z" },
    { url = "https://mirrors.tuna.tsinghua.edu.cn/pypi/web/packages/48/eb/46e443fc70b4aabe6e775521ff476aefb051db9acabb16a5cb51f04e3e2b/gemmi-0.7.5-cp311-cp311-manylinux_2_27_x86_64.manylinux_2_28_x86_64.whl", hash = "sha256:895c63c7bcf30cffba97cf12c89dc3905f4645f838c17009b4534459a6c53a1e", size = 2991765, upload-time = "2026-03-02T08:31:22.617Z" },
    { url = "https://mirrors.tuna.tsinghua.edu.cn/pypi/web/packages/32/7e/27b2313a644b42e02ed875ebeff73a1e88d7f564f15c1bf88c9557bbda0b/gemmi-0.7.5-cp311-cp311-musllinux_1_2_aarch64.whl", hash = "sha256:7f9524061282ceb114d5316af333667fae850896141ddbadfd2d275d9d6ac5ad", size = 3161503, upload-time = "2026-03-02T08:31:24.757Z" },
    { url = "https://mirrors.tuna.tsinghua.edu.cn/pypi/web/packages/8f/05/ee808eb8ece89c612d1bf6dd071ee870e129a69331383b95e482bbd4b692/gemmi-0.7.5-cp311-cp311-musllinux_1_2_x86_64.whl", hash = "sha256:264726ed818aee8907dd8e6007f4a14c28fbf1f1b8ded3761e793e5a5f3284c6", size = 3514467, upload-time = "2026-03-02T08:31:26.812Z" },
    { url = "https://mirrors.tuna.tsinghua.edu.cn/pypi/web/packages/b9/5e/62402bf021183bc6122cb01b8f1be17cac67545713fb30f888f59357a782/gemmi-0.7.5-cp311-cp311-win_amd64.whl", hash = "sha256:06cb44f4e3657b7e3a2b23cd40b67a8e7b5d00bfb92ea94cb4060bd47ba50df6", size = 2268231, upload-time = "2026-03-02T08:31:29.469Z" },
    { url = "https://mirrors.tuna.tsinghua.edu.cn/pypi/web/packages/0b/72/7e33f0c1871d648088e3dd67ce47366ed942d625300f6d966730da92a7d7/gemmi-0.7.5-cp312-cp312-macosx_10_14_x86_64.whl", hash = "sha256:2da5d5c1d31fc8c3bffe7530c697c97f8389edff57e8b12898218c588c4f0dac", size = 2845071, upload-time = "2026-03-02T08:31:31.413Z" },
    { url = "https://mirrors.tuna.tsinghua.edu.cn/pypi/web/packages/b0/3e/a6497e1c2c9bc6ed2b79e0f2d31a4ce509fd2a9eed4e4f7ac63eda8113cb/gemmi-0.7.5-cp312-cp312-macosx_11_0_arm64.whl", hash = "sha256:5682920985109c6a08616ae9aae080f8b46a9714534dc864b535e3e6d203d5b8", size = 2720607, upload-time = "2026-03-02T08:31:33.778Z" },
    { url = "https://mirrors.tuna.tsinghua.edu.cn/pypi/web/packages/df/31/704e6c7ffc251d1dc1a19a8cd2e30881a83978c6df8668ba052523fa1720/gemmi-0.7.5-cp312-cp312-manylinux_2_27_aarch64.manylinux_2_28_aarch64.whl", hash = "sha256:255ca0b0a7f6fb0bf4322f2d69c5f94edf6e95fb801bc1d120ca8dd93b646065", size = 2624986, upload-time = "2026-03-02T08:31:35.902Z" },
    { url = "https://mirrors.tuna.tsinghua.edu.cn/pypi/web/packages/e8/88/5a431cd1ea7587408a66947384b39beb2ab2bcc1c87b7c4082f05036719f/gemmi-0.7.5-cp312-cp312-manylinux_2_27_x86_64.manylinux_2_28_x86_64.whl", hash = "sha256:217bb9ac9da7c90704026dacfc0a0652a38f4df1e318225d8f35c75f1f8c7ebf", size = 2982717, upload-time = "2026-03-02T08:31:37.781Z" },
    { url = "https://mirrors.tuna.tsinghua.edu.cn/pypi/web/packages/36/e0/ca646b4e22b3d6129ce56a087a9031f7a7843d47425f0adc38a7ab789b24/gemmi-0.7.5-cp312-cp312-musllinux_1_2_aarch64.whl", hash = "sha256:74e1b5177b626aadb819fd8168f5d6064c04a2a1e45c87f357a96d30ddafc749", size = 3146031, upload-time = "2026-03-02T08:31:39.744Z" },
    { url = "https://mirrors.tuna.tsinghua.edu.cn/pypi/web/packages/d5/cc/47e6039859393175a9b38f9a72732c018a3052d838fecf1ff635d8b84d95/gemmi-0.7.5-cp312-cp312-musllinux_1_2_x86_64.whl", hash = "sha256:6d30fa7ae889149c22dbb58899e77117e6548edc6e8ccfae3b4b2a259464d2ee", size = 3505196, upload-time = "2026-03-02T08:31:41.651Z" },
    { url = "https://mirrors.tuna.tsinghua.edu.cn/pypi/web/packages/eb/f2/53be7a4ba5816e13c39be0f728facac4bcb39cf4903ceeec54b006511c8f/gemmi-0.7.5-cp312-cp312-win_amd64.whl", hash = "sha256:a1fdb6f72006495b5119e3a8bb5c3185efa708b785bd4a5ce4397ef7abb3fec7", size = 2270488, upload-time = "2026-03-02T08:31:43.898Z" },
    { url = "https://mirrors.tuna.tsinghua.edu.cn/pypi/web/packages/c4/80/fd758344a72ca7b5e1c5bbdc1d263f3b215d3897941b5f450380445ca0a9/gemmi-0.7.5-cp313-cp313-macosx_10_14_x86_64.whl", hash = "sha256:ef9b6ada1c00c6ba7c7a5b9e938cc3b45d83e775c23d12bf63b6882d5f3cdd6b", size = 2844981, upload-time = "2026-03-02T08:31:45.741Z" },
    { url = "https://mirrors.tuna.tsinghua.edu.cn/pypi/web/packages/c1/9c/1236dd7d22ed48527286b613c84e3376ea731b65e6734b6e6a0b4d03744c/gemmi-0.7.5-cp313-cp313-macosx_11_0_arm64.whl", hash = "sha256:c7d8b08c33fe6ba375223306149092440c69cbfbd55c3d3e3436e5fb315a225d", size = 2720773, upload-time = "2026-03-02T08:31:47.494Z" },
    { url = "https://mirrors.tuna.tsinghua.edu.cn/pypi/web/packages/91/d6/ccf890f054f2fc12ff3a43a604a7a1e9f99706f057394e5c7d51c67cf6ed/gemmi-0.7.5-cp313-cp313-manylinux_2_27_aarch64.manylinux_2_28_aarch64.whl", hash = "sha256:f2bd55985d7cf4403985118f677a187a3f0bb96fd314fb4582e66c2ab4a752ec", size = 2625116, upload-time = "2026-03-02T08:31:49.848Z" },
    { url = "https://mirrors.tuna.tsinghua.edu.cn/pypi/web/packages/a3/8c/db8e79c4c744ebae1dcf25f7dbcc5d7df912cdbcdf7221e761479e8bd04b/gemmi-0.7.5-cp313-cp313-manylinux_2_27_x86_64.manylinux_2_28_x86_64.whl", hash = "sha256:750b4d9751aaf1460ac4f0f45308ddced25f47bcf7a30355eb3b1f779f03952a", size = 2982474, upload-time = "2026-03-02T08:31:52.09Z" },
    { url = "https://mirrors.tuna.tsinghua.edu.cn/pypi/web/packages/05/eb/24c0071ad231b22dac9acf7e7e544e0b6466307a01d716c8a06363fa70a4/gemmi-0.7.5-cp313-cp313-musllinux_1_2_aarch64.whl", hash = "sha256:789f0e05e8ad020c69011351c54cc1a9555f6aaf2ac18e00e5624eb5255c309d", size = 3146075, upload-time = "2026-03-02T08:31:54.163Z" },
    { url = "https://mirrors.tuna.tsinghua.edu.cn/pypi/web/packages/08/06/da6fe6eb09e7f3e439e8c5b85908bf9539dfb7afe19bb4853f0c1fd98e4c/gemmi-0.7.5-cp313-cp313-musllinux_1_2_x86_64.whl", hash = "sha256:f34643c917c9ae0c26cded3044ad4634987469797188782b882cd2812c7769b1", size = 3505371, upload-time = "2026-03-02T08:31:56.056Z" },
    { url = "https://mirrors.tuna.tsinghua.edu.cn/pypi/web/packages/ee/ab/7d7463cda94f8b68b969ea97aaad679655a0e436efd6a643e528a8de114e/gemmi-0.7.5-cp313-cp313-win_amd64.whl", hash = "sha256:ad1f72ffa24adbfaf259e11471f6f071a668667f6ca846051f3bfea024fd337d", size = 2270352, upload-time = "2026-03-02T08:31:58.538Z" },
    { url = "https://mirrors.tuna.tsinghua.edu.cn/pypi/web/packages/c5/b4/07e9e47a223abd2490b14d31719d65e609932ba29355b453cfe8cd412142/gemmi-0.7.5-cp314-cp314-macosx_10_15_x86_64.whl", hash = "sha256:f1e6547e3af4fa23664a2bf7775478ebc1799a914d96560140c7dff366e0cded", size = 2846225, upload-time = "2026-03-02T08:32:00.083Z" },
    { url = "https://mirrors.tuna.tsinghua.edu.cn/pypi/web/packages/06/41/4e70dea1d0311016c0b0b1c53a24a266f9f8a34c6bc1af0f17cfca20aa1d/gemmi-0.7.5-cp314-cp314-macosx_11_0_arm64.whl", hash = "sha256:5144f107f2bca479d1b8266a79649bd631ee92c5b1319b27b0279157331ebc89", size = 2721745, upload-time = "2026-03-02T08:32:01.829Z" },
    { url = "https://mirrors.tuna.tsinghua.edu.cn/pypi/web/packages/4c/27/e1859a6ef2330f83a4818d8f1bc6d1b21b681313f26d3d4bd4fc54f88335/gemmi-0.7.5-cp314-cp314-manylinux_2_27_aarch64.manylinux_2_28_aarch64.whl", hash = "sha256:ea386ec725baa7253e1aa146540d4f8f8145fc32a26d0ac025be97fd7f593557", size = 2627960, upload-time = "2026-03-02T08:32:03.996Z" },
    { url = "https://mirrors.tuna.tsinghua.edu.cn/pypi/web/packages/e5/04/c5bb20d64417d20cba0105277235c51969444fa873000fbc26ac0a3fc5a8/gemmi-0.7.5-cp314-cp314-manylinux_2_27_x86_64.manylinux_2_28_x86_64.whl", hash = "sha256:bdc67ad4a7fc420974ab3102f7f6ad1517fa0c3d9f2f7561e42e5f7017635242", size = 2984907, upload-time = "2026-03-02T08:32:05.73Z" },
    { url = "https://mirrors.tuna.tsinghua.edu.cn/pypi/web/packages/eb/c7/16f0913d82bcb817e63d8a183de8a8d0379a4837629e497aa60e01e89e78/gemmi-0.7.5-cp314-cp314-musllinux_1_2_aarch64.whl", hash = "sha256:fef67aa026e523f43ced23afb8204b314cdf5770eaea97b4a06ac236d782cb10", size = 3149649, upload-time = "2026-03-02T08:32:07.547Z" },
    { url = "https://mirrors.tuna.tsinghua.edu.cn/pypi/web/packages/c8/77/d26931ef5b50c69128ca04d19fdd0ce0cd3a392263cb9e4bebb4cd150459/gemmi-0.7.5-cp314-cp314-musllinux_1_2_x86_64.whl", hash = "sha256:e496880ef0e2f5c929302db2d5e3489c48af1b70a3653870defafb17384e64b7", size = 3507297, upload-time = "2026-03-02T08:32:09.162Z" },
    { url = "https://mirrors.tuna.tsinghua.edu.cn/pypi/web/packages/ff/1c/a28b27effb13a381fe077ea3e3e78f6debd6315f2b3edff67bbb93d0ef51/gemmi-0.7.5-cp314-cp314-win_amd64.whl", hash = "sha256:419c36d9ea0f28dda0ff0d6db17035170d0888ca78aff82a0f9f604613aec58f", size = 2333709, upload-time = "2026-03-02T08:32:25.888Z" },
    { url = "https://mirrors.tuna.tsinghua.edu.cn/pypi/web/packages/85/41/dc47a16404a250cc8f5ff441e2746b380e15ad73aec12d359e85ada0db21/gemmi-0.7.5-cp314-cp314t-macosx_10_15_x86_64.whl", hash = "sha256:647e25ce2f78c3da2577503892556d8aba0bc3014085affc82d375794b239a30", size = 2894672, upload-time = "2026-03-02T08:32:10.947Z" },
    { url = "https://mirrors.tuna.tsinghua.edu.cn/pypi/web/packages/59/24/d411c04807dcac85567852b21647d953b65e5991359ec37097aa1c6b2b55/gemmi-0.7.5-cp314-cp314t-macosx_11_0_arm64.whl", hash = "sha256:e72db1f4580a24c1ff9a2426bab8b6b407ffdb394ec7417f40dfea68a3fc2505", size = 2768311, upload-time = "2026-03-02T08:32:13.069Z" },
    { url = "https://mirrors.tuna.tsinghua.edu.cn/pypi/web/packages/60/da/b33ea873c2035b45318e1ed7ffb4d8d0c40c9ac99029761449bef1f226b5/gemmi-0.7.5-cp314-cp314t-manylinux_2_27_aarch64.manylinux_2_28_aarch64.whl", hash = "sha256:8d015f560ad436fcecb9a9577f1ad304f5a45496a95c1f28326f0277b8044337", size = 2660998, upload-time = "2026-03-02T08:32:15.142Z" },
    { url = "https://mirrors.tuna.tsinghua.edu.cn/pypi/web/packages/81/7f/c0efd1cd08d48c2a339922739b69b2244b7099d7bd6e48eba8477d5c7758/gemmi-0.7.5-cp314-cp314t-manylinux_2_27_x86_64.manylinux_2_28_x86_64.whl", hash = "sha256:667fe4c20ef52a36dad397367c282293edf9deedfee58c03da2f89bf89099589", size = 3005330, upload-time = "2026-03-02T08:32:17.502Z" },
    { url = "https://mirrors.tuna.tsinghua.edu.cn/pypi/web/packages/47/2e/4b799d2e1891fcfba02cb031ffc4b900f278040e5579c38e7d3d75d739da/gemmi-0.7.5-cp314-cp314t-musllinux_1_2_aarch64.whl", hash = "sha256:a9b92612cb33cbd1788c7620a1445b506459f927032cde2a761b91e5754c512d", size = 3185785, upload-time = "2026-03-02T08:32:19.938Z" },
    { url = "https://mirrors.tuna.tsinghua.edu.cn/pypi/web/packages/20/b3/4889b36322255592a9aa1bb20ee847804413378521410b454cfc73698665/gemmi-0.7.5-cp314-cp314t-musllinux_1_2_x86_64.whl", hash = "sha256:0b7ddf3f93688a8a7893858b45cb4df5ee324309939f461fc3734db575bde44c", size = 3527630, upload-time = "2026-03-02T08:32:22.528Z" },
    { url = "https://mirrors.tuna.tsinghua.edu.cn/pypi/web/packages/74/29/07cb963112e2559ef4128d9bded0c9f74db8f1ba4468555d646c99942e52/gemmi-0.7.5-cp314-cp314t-win_amd64.whl", hash = "sha256:1aa3abfca7b65557ee1efba1247729d322c838a6c67371de6731125d2a337ed7", size = 2356795, upload-time = "2026-03-02T08:32:24.17Z" },
]

[[package]]
name = "iniconfig"
version = "2.3.0"
source = { registry = "https://mirrors.tuna.tsinghua.edu.cn/pypi/web/simple/" }
sdist = { url = "https://mirrors.tuna.tsinghua.edu.cn/pypi/web/packages/72/34/14ca021ce8e5dfedc35312d08ba8bf51fdd999c576889fc2c24cb97f4f10/iniconfig-2.3.0.tar.gz", hash = "sha256:c76315c77db068650d49c5b56314774a7804df16fee4402c1f19d6d15d8c4730", size = 20503, upload-time = "2025-10-18T21:55:43.219Z" }
wheels = [
    { url = "https://mirrors.tuna.tsinghua.edu.cn/pypi/web/packages/cb/b1/3846dd7f199d53cb17f49cba7e651e9ce294d8497c8c150530ed11865bb8/iniconfig-2.3.0-py3-none-any.whl", hash = "sha256:f631c04d2c48c52b84d0d0549c99ff3859c98df65b3101406327ecc7d53fbf12", size = 7484, upload-time = "2025-10-18T21:55:41.639Z" },
]

[[package]]
name = "markdown-it-py"
version = "4.2.0"
source = { registry = "https://mirrors.tuna.tsinghua.edu.cn/pypi/web/simple/" }
dependencies = [
    { name = "mdurl" },
]
sdist = { url = "https://mirrors.tuna.tsinghua.edu.cn/pypi/web/packages/06/ff/7841249c247aa650a76b9ee4bbaeae59370dc8bfd2f6c01f3630c35eb134/markdown_it_py-4.2.0.tar.gz", hash = "sha256:04a21681d6fbb623de53f6f364d352309d4094dd4194040a10fd51833e418d49", size = 82454, upload-time = "2026-05-07T12:08:28.36Z" }
wheels = [
    { url = "https://mirrors.tuna.tsinghua.edu.cn/pypi/web/packages/b3/81/4da04ced5a082363ecfa159c010d200ecbd959ae410c10c0264a38cac0f5/markdown_it_py-4.2.0-py3-none-any.whl", hash = "sha256:9f7ebbcd14fe59494226453aed97c1070d83f8d24b6fc3a3bcf9a38092641c4a", size = 91687, upload-time = "2026-05-07T12:08:27.182Z" },
]

[[package]]
name = "mdurl"
version = "0.1.2"
source = { registry = "https://mirrors.tuna.tsinghua.edu.cn/pypi/web/simple/" }
sdist = { url = "https://mirrors.tuna.tsinghua.edu.cn/pypi/web/packages/d6/54/cfe61301667036ec958cb99bd3efefba235e65cdeb9c84d24a8293ba1d90/mdurl-0.1.2.tar.gz", hash = "sha256:bb413d29f5eea38f31dd4754dd7377d4465116fb207585f97bf925588687c1ba", size = 8729, upload-time = "2022-08-14T12:40:10.846Z" }
wheels = [
    { url = "https://mirrors.tuna.tsinghua.edu.cn/pypi/web/packages/b3/38/89ba8ad64ae25be8de66a6d463314cf1eb366222074cfda9ee839c56a4b4/mdurl-0.1.2-py3-none-any.whl", hash = "sha256:84008a41e51615a49fc9966191ff91509e3c40b939176e643fd50a5c2196b8f8", size = 9979, upload-time = "2022-08-14T12:40:09.779Z" },
]

[[package]]
name = "packaging"
version = "26.2"
source = { registry = "https://mirrors.tuna.tsinghua.edu.cn/pypi/web/simple/" }
sdist = { url = "https://mirrors.tuna.tsinghua.edu.cn/pypi/web/packages/d7/f1/e7a6dd94a8d4a5626c03e4e99c87f241ba9e350cd9e6d75123f992427270/packaging-26.2.tar.gz", hash = "sha256:ff452ff5a3e828ce110190feff1178bb1f2ea2281fa2075aadb987c2fb221661", size = 228134, upload-time = "2026-04-24T20:15:23.917Z" }
wheels = [
    { url = "https://mirrors.tuna.tsinghua.edu.cn/pypi/web/packages/df/b2/87e62e8c3e2f4b32e5fe99e0b86d576da1312593b39f47d8ceef365e95ed/packaging-26.2-py3-none-any.whl", hash = "sha256:5fc45236b9446107ff2415ce77c807cee2862cb6fac22b8a73826d0693b0980e", size = 100195, upload-time = "2026-04-24T20:15:22.081Z" },
]

[[package]]
name = "pluggy"
version = "1.6.0"
source = { registry = "https://mirrors.tuna.tsinghua.edu.cn/pypi/web/simple/" }
sdist = { url = "https://mirrors.tuna.tsinghua.edu.cn/pypi/web/packages/f9/e2/3e91f31a7d2b083fe6ef3fa267035b518369d9511ffab804f839851d2779/pluggy-1.6.0.tar.gz", hash = "sha256:7dcc130b76258d33b90f61b658791dede3486c3e6bfb003ee5c9bfb396dd22f3", size = 69412, upload-time = "2025-05-15T12:30:07.975Z" }
wheels = [
    { url = "https://mirrors.tuna.tsinghua.edu.cn/pypi/web/packages/54/20/4d324d65cc6d9205fabedc306948156824eb9f0ee1633355a8f7ec5c66bf/pluggy-1.6.0-py3-none-any.whl", hash = "sha256:e920276dd6813095e9377c0bc5566d94c932c33b27a3e3945d8389c374dd4746", size = 20538, upload-time = "2025-05-15T12:30:06.134Z" },
]

[[package]]
name = "pygments"
version = "2.20.0"
source = { registry = "https://mirrors.tuna.tsinghua.edu.cn/pypi/web/simple/" }
sdist = { url = "https://mirrors.tuna.tsinghua.edu.cn/pypi/web/packages/c3/b2/bc9c9196916376152d655522fdcebac55e66de6603a76a02bca1b6414f6c/pygments-2.20.0.tar.gz", hash = "sha256:6757cd03768053ff99f3039c1a36d6c0aa0b263438fcab17520b30a303a82b5f", size = 4955991, upload-time = "2026-03-29T13:29:33.898Z" }
wheels = [
    { url = "https://mirrors.tuna.tsinghua.edu.cn/pypi/web/packages/f4/7e/a72dd26f3b0f4f2bf1dd8923c85f7ceb43172af56d63c7383eb62b332364/pygments-2.20.0-py3-none-any.whl", hash = "sha256:81a9e26dd42fd28a23a2d169d86d7ac03b46e2f8b59ed4698fb4785f946d0176", size = 1231151, upload-time = "2026-03-29T13:29:30.038Z" },
]

[[package]]
name = "pytest"
version = "9.1.1"
source = { registry = "https://mirrors.tuna.tsinghua.edu.cn/pypi/web/simple/" }
dependencies = [
    { name = "colorama", marker = "sys_platform == 'win32'" },
    { name = "exceptiongroup", marker = "python_full_version < '3.11'" },
    { name = "iniconfig" },
    { name = "packaging" },
    { name = "pluggy" },
    { name = "pygments" },
    { name = "tomli", marker = "python_full_version < '3.11'" },
]
sdist = { url = "https://mirrors.tuna.tsinghua.edu.cn/pypi/web/packages/e4/47/b9efed96c114afcfa3c9d3fe98a76a1d14c74a9e266d397cf6eb64be5e01/pytest-9.1.1.tar.gz", hash = "sha256:1088fbde8f2b49d95a549a195707afa7a76a3ce9bcadc26b6d71f0ffda5fe313", size = 1636369, upload-time = "2026-06-19T10:58:32.857Z" }
wheels = [
    { url = "https://mirrors.tuna.tsinghua.edu.cn/pypi/web/packages/24/25/1de2678b631f5a49215c6c96fff41ba892b0a34df68d6d80292b1b48aa7f/pytest-9.1.1-py3-none-any.whl", hash = "sha256:37a86b45efb9a47a61a36449063e8e18d0cab3161329fc099eb21783169c4f0c", size = 386536, upload-time = "2026-06-19T10:58:31.347Z" },
]

[[package]]
name = "rich"
version = "15.0.0"
source = { registry = "https://mirrors.tuna.tsinghua.edu.cn/pypi/web/simple/" }
dependencies = [
    { name = "markdown-it-py" },
    { name = "pygments" },
]
sdist = { url = "https://mirrors.tuna.tsinghua.edu.cn/pypi/web/packages/c0/8f/0722ca900cc807c13a6a0c696dacf35430f72e0ec571c4275d2371fca3e9/rich-15.0.0.tar.gz", hash = "sha256:edd07a4824c6b40189fb7ac9bc4c52536e9780fbbfbddf6f1e2502c31b068c36", size = 230680, upload-time = "2026-04-12T08:24:00.75Z" }
wheels = [
    { url = "https://mirrors.tuna.tsinghua.edu.cn/pypi/web/packages/82/3b/64d4899d73f91ba49a8c18a8ff3f0ea8f1c1d75481760df8c68ef5235bf5/rich-15.0.0-py3-none-any.whl", hash = "sha256:33bd4ef74232fb73fe9279a257718407f169c09b78a87ad3d296f548e27de0bb", size = 310654, upload-time = "2026-04-12T08:24:02.83Z" },
]

[[package]]
name = "tomli"
version = "2.4.1"
source = { registry = "https://mirrors.tuna.tsinghua.edu.cn/pypi/web/simple/" }
sdist = { url = "https://mirrors.tuna.tsinghua.edu.cn/pypi/web/packages/22/de/48c59722572767841493b26183a0d1cc411d54fd759c5607c4590b6563a6/tomli-2.4.1.tar.gz", hash = "sha256:7c7e1a961a0b2f2472c1ac5b69affa0ae1132c39adcb67aba98568702b9cc23f", size = 17543, upload-time = "2026-03-25T20:22:03.828Z" }
wheels = [
    { url = "https://mirrors.tuna.tsinghua.edu.cn/pypi/web/packages/f4/11/db3d5885d8528263d8adc260bb2d28ebf1270b96e98f0e0268d32b8d9900/tomli-2.4.1-cp311-cp311-macosx_10_9_x86_64.whl", hash = "sha256:f8f0fc26ec2cc2b965b7a3b87cd19c5c6b8c5e5f436b984e85f486d652285c30", size = 154704, upload-time = "2026-03-25T20:21:10.473Z" },
    { url = "https://mirrors.tuna.tsinghua.edu.cn/pypi/web/packages/6d/f7/675db52c7e46064a9aa928885a9b20f4124ecb9bc2e1ce74c9106648d202/tomli-2.4.1-cp311-cp311-macosx_11_0_arm64.whl", hash = "sha256:4ab97e64ccda8756376892c53a72bd1f964e519c77236368527f758fbc36a53a", size = 149454, upload-time = "2026-03-25T20:21:12.036Z" },
    { url = "https://mirrors.tuna.tsinghua.edu.cn/pypi/web/packages/61/71/81c50943cf953efa35bce7646caab3cf457a7d8c030b27cfb40d7235f9ee/tomli-2.4.1-cp311-cp311-manylinux2014_aarch64.manylinux_2_17_aarch64.manylinux_2_28_aarch64.whl", hash = "sha256:96481a5786729fd470164b47cdb3e0e58062a496f455ee41b4403be77cb5a076", size = 237561, upload-time = "2026-03-25T20:21:13.098Z" },
    { url = "https://mirrors.tuna.tsinghua.edu.cn/pypi/web/packages/48/c1/f41d9cb618acccca7df82aaf682f9b49013c9397212cb9f53219e3abac37/tomli-2.4.1-cp311-cp311-manylinux2014_x86_64.manylinux_2_17_x86_64.manylinux_2_28_x86_64.whl", hash = "sha256:5a881ab208c0baf688221f8cecc5401bd291d67e38a1ac884d6736cbcd8247e9", size = 243824, upload-time = "2026-03-25T20:21:14.569Z" },
    { url = "https://mirrors.tuna.tsinghua.edu.cn/pypi/web/packages/22/e4/5a816ecdd1f8ca51fb756ef684b90f2780afc52fc67f987e3c61d800a46d/tomli-2.4.1-cp311-cp311-musllinux_1_2_aarch64.whl", hash = "sha256:47149d5bd38761ac8be13a84864bf0b7b70bc051806bc3669ab1cbc56216b23c", size = 242227, upload-time = "2026-03-25T20:21:15.712Z" },
    { url = "https://mirrors.tuna.tsinghua.edu.cn/pypi/web/packages/6b/49/2b2a0ef529aa6eec245d25f0c703e020a73955ad7edf73e7f54ddc608aa5/tomli-2.4.1-cp311-cp311-musllinux_1_2_x86_64.whl", hash = "sha256:ec9bfaf3ad2df51ace80688143a6a4ebc09a248f6ff781a9945e51937008fcbc", size = 247859, upload-time = "2026-03-25T20:21:17.001Z" },
    { url = "https://mirrors.tuna.tsinghua.edu.cn/pypi/web/packages/83/bd/6c1a630eaca337e1e78c5903104f831bda934c426f9231429396ce3c3467/tomli-2.4.1-cp311-cp311-win32.whl", hash = "sha256:ff2983983d34813c1aeb0fa89091e76c3a22889ee83ab27c5eeb45100560c049", size = 97204, upload-time = "2026-03-25T20:21:18.079Z" },
    { url = "https://mirrors.tuna.tsinghua.edu.cn/pypi/web/packages/42/59/71461df1a885647e10b6bb7802d0b8e66480c61f3f43079e0dcd315b3954/tomli-2.4.1-cp311-cp311-win_amd64.whl", hash = "sha256:5ee18d9ebdb417e384b58fe414e8d6af9f4e7a0ae761519fb50f721de398dd4e", size = 108084, upload-time = "2026-03-25T20:21:18.978Z" },
    { url = "https://mirrors.tuna.tsinghua.edu.cn/pypi/web/packages/b8/83/dceca96142499c069475b790e7913b1044c1a4337e700751f48ed723f883/tomli-2.4.1-cp311-cp311-win_arm64.whl", hash = "sha256:c2541745709bad0264b7d4705ad453b76ccd191e64aa6f0fc66b69a293a45ece", size = 95285, upload-time = "2026-03-25T20:21:20.309Z" },
    { url = "https://mirrors.tuna.tsinghua.edu.cn/pypi/web/packages/c1/ba/42f134a3fe2b370f555f44b1d72feebb94debcab01676bf918d0cb70e9aa/tomli-2.4.1-cp312-cp312-macosx_10_13_x86_64.whl", hash = "sha256:c742f741d58a28940ce01d58f0ab2ea3ced8b12402f162f4d534dfe18ba1cd6a", size = 155924, upload-time = "2026-03-25T20:21:21.626Z" },
    { url = "https://mirrors.tuna.tsinghua.edu.cn/pypi/web/packages/dc/c7/62d7a17c26487ade21c5422b646110f2162f1fcc95980ef7f63e73c68f14/tomli-2.4.1-cp312-cp312-macosx_11_0_arm64.whl", hash = "sha256:7f86fd587c4ed9dd76f318225e7d9b29cfc5a9d43de44e5754db8d1128487085", size = 150018, upload-time = "2026-03-25T20:21:23.002Z" },
    { url = "https://mirrors.tuna.tsinghua.edu.cn/pypi/web/packages/5c/05/79d13d7c15f13bdef410bdd49a6485b1c37d28968314eabee452c22a7fda/tomli-2.4.1-cp312-cp312-manylinux2014_aarch64.manylinux_2_17_aarch64.manylinux_2_28_aarch64.whl", hash = "sha256:ff18e6a727ee0ab0388507b89d1bc6a22b138d1e2fa56d1ad494586d61d2eae9", size = 244948, upload-time = "2026-03-25T20:21:24.04Z" },
    { url = "https://mirrors.tuna.tsinghua.edu.cn/pypi/web/packages/10/90/d62ce007a1c80d0b2c93e02cab211224756240884751b94ca72df8a875ca/tomli-2.4.1-cp312-cp312-manylinux2014_x86_64.manylinux_2_17_x86_64.manylinux_2_28_x86_64.whl", hash = "sha256:136443dbd7e1dee43c68ac2694fde36b2849865fa258d39bf822c10e8068eac5", size = 253341, upload-time = "2026-03-25T20:21:25.177Z" },
    { url = "https://mirrors.tuna.tsinghua.edu.cn/pypi/web/packages/1a/7e/caf6496d60152ad4ed09282c1885cca4eea150bfd007da84aea07bcc0a3e/tomli-2.4.1-cp312-cp312-musllinux_1_2_aarch64.whl", hash = "sha256:5e262d41726bc187e69af7825504c933b6794dc3fbd5945e41a79bb14c31f585", size = 248159, upload-time = "2026-03-25T20:21:26.364Z" },
    { url = "https://mirrors.tuna.tsinghua.edu.cn/pypi/web/packages/99/e7/c6f69c3120de34bbd882c6fba7975f3d7a746e9218e56ab46a1bc4b42552/tomli-2.4.1-cp312-cp312-musllinux_1_2_x86_64.whl", hash = "sha256:5cb41aa38891e073ee49d55fbc7839cfdb2bc0e600add13874d048c94aadddd1", size = 253290, upload-time = "2026-03-25T20:21:27.46Z" },
    { url = "https://mirrors.tuna.tsinghua.edu.cn/pypi/web/packages/d6/2f/4a3c322f22c5c66c4b836ec58211641a4067364f5dcdd7b974b4c5da300c/tomli-2.4.1-cp312-cp312-win32.whl", hash = "sha256:da25dc3563bff5965356133435b757a795a17b17d01dbc0f42fb32447ddfd917", size = 98141, upload-time = "2026-03-25T20:21:28.492Z" },
    { url = "https://mirrors.tuna.tsinghua.edu.cn/pypi/web/packages/24/22/4daacd05391b92c55759d55eaee21e1dfaea86ce5c571f10083360adf534/tomli-2.4.1-cp312-cp312-win_amd64.whl", hash = "sha256:52c8ef851d9a240f11a88c003eacb03c31fc1c9c4ec64a99a0f922b93874fda9", size = 108847, upload-time = "2026-03-25T20:21:29.386Z" },
    { url = "https://mirrors.tuna.tsinghua.edu.cn/pypi/web/packages/68/fd/70e768887666ddd9e9f5d85129e84910f2db2796f9096aa02b721a53098d/tomli-2.4.1-cp312-cp312-win_arm64.whl", hash = "sha256:f758f1b9299d059cc3f6546ae2af89670cb1c4d48ea29c3cacc4fe7de3058257", size = 95088, upload-time = "2026-03-25T20:21:30.677Z" },
    { url = "https://mirrors.tuna.tsinghua.edu.cn/pypi/web/packages/07/06/b823a7e818c756d9a7123ba2cda7d07bc2dd32835648d1a7b7b7a05d848d/tomli-2.4.1-cp313-cp313-macosx_10_13_x86_64.whl", hash = "sha256:36d2bd2ad5fb9eaddba5226aa02c8ec3fa4f192631e347b3ed28186d43be6b54", size = 155866, upload-time = "2026-03-25T20:21:31.65Z" },
    { url = "https://mirrors.tuna.tsinghua.edu.cn/pypi/web/packages/14/6f/12645cf7f08e1a20c7eb8c297c6f11d31c1b50f316a7e7e1e1de6e2e7b7e/tomli-2.4.1-cp313-cp313-macosx_11_0_arm64.whl", hash = "sha256:eb0dc4e38e6a1fd579e5d50369aa2e10acfc9cace504579b2faabb478e76941a", size = 149887, upload-time = "2026-03-25T20:21:33.028Z" },
    { url = "https://mirrors.tuna.tsinghua.edu.cn/pypi/web/packages/5c/e0/90637574e5e7212c09099c67ad349b04ec4d6020324539297b634a0192b0/tomli-2.4.1-cp313-cp313-manylinux2014_aarch64.manylinux_2_17_aarch64.manylinux_2_28_aarch64.whl", hash = "sha256:c7f2c7f2b9ca6bdeef8f0fa897f8e05085923eb091721675170254cbc5b02897", size = 243704, upload-time = "2026-03-25T20:21:34.51Z" },
    { url = "https://mirrors.tuna.tsinghua.edu.cn/pypi/web/packages/10/8f/d3ddb16c5a4befdf31a23307f72828686ab2096f068eaf56631e136c1fdd/tomli-2.4.1-cp313-cp313-manylinux2014_x86_64.manylinux_2_17_x86_64.manylinux_2_28_x86_64.whl", hash = "sha256:f3c6818a1a86dd6dca7ddcaaf76947d5ba31aecc28cb1b67009a5877c9a64f3f", size = 251628, upload-time = "2026-03-25T20:21:36.012Z" },
    { url = "https://mirrors.tuna.tsinghua.edu.cn/pypi/web/packages/e3/f1/dbeeb9116715abee2485bf0a12d07a8f31af94d71608c171c45f64c0469d/tomli-2.4.1-cp313-cp313-musllinux_1_2_aarch64.whl", hash = "sha256:d312ef37c91508b0ab2cee7da26ec0b3ed2f03ce12bd87a588d771ae15dcf82d", size = 247180, upload-time = "2026-03-25T20:21:37.136Z" },
    { url = "https://mirrors.tuna.tsinghua.edu.cn/pypi/web/packages/d3/74/16336ffd19ed4da28a70959f92f506233bd7cfc2332b20bdb01591e8b1d1/tomli-2.4.1-cp313-cp313-musllinux_1_2_x86_64.whl", hash = "sha256:51529d40e3ca50046d7606fa99ce3956a617f9b36380da3b7f0dd3dd28e68cb5", size = 251674, upload-time = "2026-03-25T20:21:38.298Z" },
    { url = "https://mirrors.tuna.tsinghua.edu.cn/pypi/web/packages/16/f9/229fa3434c590ddf6c0aa9af64d3af4b752540686cace29e6281e3458469/tomli-2.4.1-cp313-cp313-win32.whl", hash = "sha256:2190f2e9dd7508d2a90ded5ed369255980a1bcdd58e52f7fe24b8162bf9fedbd", size = 97976, upload-time = "2026-03-25T20:21:39.316Z" },
    { url = "https://mirrors.tuna.tsinghua.edu.cn/pypi/web/packages/6a/1e/71dfd96bcc1c775420cb8befe7a9d35f2e5b1309798f009dca17b7708c1e/tomli-2.4.1-cp313-cp313-win_amd64.whl", hash = "sha256:8d65a2fbf9d2f8352685bc1364177ee3923d6baf5e7f43ea4959d7d8bc326a36", size = 108755, upload-time = "2026-03-25T20:21:40.248Z" },
    { url = "https://mirrors.tuna.tsinghua.edu.cn/pypi/web/packages/83/7a/d34f422a021d62420b78f5c538e5b102f62bea616d1d75a13f0a88acb04a/tomli-2.4.1-cp313-cp313-win_arm64.whl", hash = "sha256:4b605484e43cdc43f0954ddae319fb75f04cc10dd80d830540060ee7cd0243cd", size = 95265, upload-time = "2026-03-25T20:21:41.219Z" },
    { url = "https://mirrors.tuna.tsinghua.edu.cn/pypi/web/packages/3c/fb/9a5c8d27dbab540869f7c1f8eb0abb3244189ce780ba9cd73f3770662072/tomli-2.4.1-cp314-cp314-macosx_10_15_x86_64.whl", hash = "sha256:fd0409a3653af6c147209d267a0e4243f0ae46b011aa978b1080359fddc9b6cf", size = 155726, upload-time = "2026-03-25T20:21:42.23Z" },
    { url = "https://mirrors.tuna.tsinghua.edu.cn/pypi/web/packages/62/05/d2f816630cc771ad836af54f5001f47a6f611d2d39535364f148b6a92d6b/tomli-2.4.1-cp314-cp314-macosx_11_0_arm64.whl", hash = "sha256:a120733b01c45e9a0c34aeef92bf0cf1d56cfe81ed9d47d562f9ed591a9828ac", size = 149859, upload-time = "2026-03-25T20:21:43.386Z" },
    { url = "https://mirrors.tuna.tsinghua.edu.cn/pypi/web/packages/ce/48/66341bdb858ad9bd0ceab5a86f90eddab127cf8b046418009f2125630ecb/tomli-2.4.1-cp314-cp314-manylinux2014_aarch64.manylinux_2_17_aarch64.manylinux_2_28_aarch64.whl", hash = "sha256:559db847dc486944896521f68d8190be1c9e719fced785720d2216fe7022b662", size = 244713, upload-time = "2026-03-25T20:21:44.474Z" },
    { url = "https://mirrors.tuna.tsinghua.edu.cn/pypi/web/packages/df/6d/c5fad00d82b3c7a3ab6189bd4b10e60466f22cfe8a08a9394185c8a8111c/tomli-2.4.1-cp314-cp314-manylinux2014_x86_64.manylinux_2_17_x86_64.manylinux_2_28_x86_64.whl", hash = "sha256:01f520d4f53ef97964a240a035ec2a869fe1a37dde002b57ebc4417a27ccd853", size = 252084, upload-time = "2026-03-25T20:21:45.62Z" },
    { url = "https://mirrors.tuna.tsinghua.edu.cn/pypi/web/packages/00/71/3a69e86f3eafe8c7a59d008d245888051005bd657760e96d5fbfb0b740c2/tomli-2.4.1-cp314-cp314-musllinux_1_2_aarch64.whl", hash = "sha256:7f94b27a62cfad8496c8d2513e1a222dd446f095fca8987fceef261225538a15", size = 247973, upload-time = "2026-03-25T20:21:46.937Z" },
    { url = "https://mirrors.tuna.tsinghua.edu.cn/pypi/web/packages/67/50/361e986652847fec4bd5e4a0208752fbe64689c603c7ae5ea7cb16b1c0ca/tomli-2.4.1-cp314-cp314-musllinux_1_2_x86_64.whl", hash = "sha256:ede3e6487c5ef5d28634ba3f31f989030ad6af71edfb0055cbbd14189ff240ba", size = 256223, upload-time = "2026-03-25T20:21:48.467Z" },
    { url = "https://mirrors.tuna.tsinghua.edu.cn/pypi/web/packages/8c/9a/b4173689a9203472e5467217e0154b00e260621caa227b6fa01feab16998/tomli-2.4.1-cp314-cp314-win32.whl", hash = "sha256:3d48a93ee1c9b79c04bb38772ee1b64dcf18ff43085896ea460ca8dec96f35f6", size = 98973, upload-time = "2026-03-25T20:21:49.526Z" },
    { url = "https://mirrors.tuna.tsinghua.edu.cn/pypi/web/packages/14/58/640ac93bf230cd27d002462c9af0d837779f8773bc03dee06b5835208214/tomli-2.4.1-cp314-cp314-win_amd64.whl", hash = "sha256:88dceee75c2c63af144e456745e10101eb67361050196b0b6af5d717254dddf7", size = 109082, upload-time = "2026-03-25T20:21:50.506Z" },
    { url = "https://mirrors.tuna.tsinghua.edu.cn/pypi/web/packages/d5/2f/702d5e05b227401c1068f0d386d79a589bb12bf64c3d2c72ce0631e3bc49/tomli-2.4.1-cp314-cp314-win_arm64.whl", hash = "sha256:b8c198f8c1805dc42708689ed6864951fd2494f924149d3e4bce7710f8eb5232", size = 96490, upload-time = "2026-03-25T20:21:51.474Z" },
    { url = "https://mirrors.tuna.tsinghua.edu.cn/pypi/web/packages/45/4b/b877b05c8ba62927d9865dd980e34a755de541eb65fffba52b4cc495d4d2/tomli-2.4.1-cp314-cp314t-macosx_10_15_x86_64.whl", hash = "sha256:d4d8fe59808a54658fcc0160ecfb1b30f9089906c50b23bcb4c69eddc19ec2b4", size = 164263, upload-time = "2026-03-25T20:21:52.543Z" },
    { url = "https://mirrors.tuna.tsinghua.edu.cn/pypi/web/packages/24/79/6ab420d37a270b89f7195dec5448f79400d9e9c1826df982f3f8e97b24fd/tomli-2.4.1-cp314-cp314t-macosx_11_0_arm64.whl", hash = "sha256:7008df2e7655c495dd12d2a4ad038ff878d4ca4b81fccaf82b714e07eae4402c", size = 160736, upload-time = "2026-03-25T20:21:53.674Z" },
    { url = "https://mirrors.tuna.tsinghua.edu.cn/pypi/web/packages/02/e0/3630057d8eb170310785723ed5adcdfb7d50cb7e6455f85ba8a3deed642b/tomli-2.4.1-cp314-cp314t-manylinux2014_aarch64.manylinux_2_17_aarch64.manylinux_2_28_aarch64.whl", hash = "sha256:1d8591993e228b0c930c4bb0db464bdad97b3289fb981255d6c9a41aedc84b2d", size = 270717, upload-time = "2026-03-25T20:21:55.129Z" },
    { url = "https://mirrors.tuna.tsinghua.edu.cn/pypi/web/packages/7a/b4/1613716072e544d1a7891f548d8f9ec6ce2faf42ca65acae01d76ea06bb0/tomli-2.4.1-cp314-cp314t-manylinux2014_x86_64.manylinux_2_17_x86_64.manylinux_2_28_x86_64.whl", hash = "sha256:734e20b57ba95624ecf1841e72b53f6e186355e216e5412de414e3c51e5e3c41", size = 278461, upload-time = "2026-03-25T20:21:56.228Z" },
    { url = "https://mirrors.tuna.tsinghua.edu.cn/pypi/web/packages/05/38/30f541baf6a3f6df77b3df16b01ba319221389e2da59427e221ef417ac0c/tomli-2.4.1-cp314-cp314t-musllinux_1_2_aarch64.whl", hash = "sha256:8a650c2dbafa08d42e51ba0b62740dae4ecb9338eefa093aa5c78ceb546fcd5c", size = 274855, upload-time = "2026-03-25T20:21:57.653Z" },
    { url = "https://mirrors.tuna.tsinghua.edu.cn/pypi/web/packages/77/a3/ec9dd4fd2c38e98de34223b995a3b34813e6bdadf86c75314c928350ed14/tomli-2.4.1-cp314-cp314t-musllinux_1_2_x86_64.whl", hash = "sha256:504aa796fe0569bb43171066009ead363de03675276d2d121ac1a4572397870f", size = 283144, upload-time = "2026-03-25T20:21:59.089Z" },
    { url = "https://mirrors.tuna.tsinghua.edu.cn/pypi/web/packages/ef/be/605a6261cac79fba2ec0c9827e986e00323a1945700969b8ee0b30d85453/tomli-2.4.1-cp314-cp314t-win32.whl", hash = "sha256:b1d22e6e9387bf4739fbe23bfa80e93f6b0373a7f1b96c6227c32bef95a4d7a8", size = 108683, upload-time = "2026-03-25T20:22:00.214Z" },
    { url = "https://mirrors.tuna.tsinghua.edu.cn/pypi/web/packages/12/64/da524626d3b9cc40c168a13da8335fe1c51be12c0a63685cc6db7308daae/tomli-2.4.1-cp314-cp314t-win_amd64.whl", hash = "sha256:2c1c351919aca02858f740c6d33adea0c5deea37f9ecca1cc1ef9e884a619d26", size = 121196, upload-time = "2026-03-25T20:22:01.169Z" },
    { url = "https://mirrors.tuna.tsinghua.edu.cn/pypi/web/packages/5a/cd/e80b62269fc78fc36c9af5a6b89c835baa8af28ff5ad28c7028d60860320/tomli-2.4.1-cp314-cp314t-win_arm64.whl", hash = "sha256:eab21f45c7f66c13f2a9e0e1535309cee140182a9cdae1e041d02e47291e8396", size = 100393, upload-time = "2026-03-25T20:22:02.137Z" },
    { url = "https://mirrors.tuna.tsinghua.edu.cn/pypi/web/packages/7b/61/cceae43728b7de99d9b847560c262873a1f6c98202171fd5ed62640b494b/tomli-2.4.1-py3-none-any.whl", hash = "sha256:0d85819802132122da43cb86656f8d1f8c6587d54ae7dcaf30e90533028b49fe", size = 14583, upload-time = "2026-03-25T20:22:03.012Z" },
]

[[package]]
name = "typing-extensions"
version = "4.15.0"
source = { registry = "https://mirrors.tuna.tsinghua.edu.cn/pypi/web/simple/" }
sdist = { url = "https://mirrors.tuna.tsinghua.edu.cn/pypi/web/packages/72/94/1a15dd82efb362ac84269196e94cf00f187f7ed21c242792a923cdb1c61f/typing_extensions-4.15.0.tar.gz", hash = "sha256:0cea48d173cc12fa28ecabc3b837ea3cf6f38c6d1136f85cbaaf598984861466", size = 109391, upload-time = "2025-08-25T13:49:26.313Z" }
wheels = [
    { url = "https://mirrors.tuna.tsinghua.edu.cn/pypi/web/packages/18/67/36e9267722cc04a6b9f15c7f3441c2363321a3ea07da7ae0c0707beb2a9c/typing_extensions-4.15.0-py3-none-any.whl", hash = "sha256:f0fa19c6845758ab08074a0cfa8b7aecb71c999ca73d62883bc25cc018c4e548", size = 44614, upload-time = "2025-08-25T13:49:24.86Z" },
]

[[package]]
name = "xtalkit"
version = "0.1.0"
source = { virtual = "." }
dependencies = [
    { name = "gemmi" },
    { name = "rich" },
]

[package.dev-dependencies]
dev = [
    { name = "pytest" },
]

[package.metadata]
requires-dist = [
    { name = "gemmi", specifier = ">=0.7.5" },
    { name = "rich", specifier = ">=15.0.0" },
]

[package.metadata.requires-dev]
dev = [{ name = "pytest", specifier = ">=9.1.1" }]
